
Microsoft Visual Studio Solution File, Format Version 12.00
# Visual Studio 15
VisualStudioVersion = 15.0.27130.2027
MinimumVisualStudioVersion = 10.0.40219.1
Project("{2150E333-8FDC-42A3-9474-1A3956D46DE8}") = "src", "src", "{901280B1-53AC-4C94-8FC0-965C7B121830}"
EndProject
Project("{2150E333-8FDC-42A3-9474-1A3956D46DE8}") = "Solution Items", "Solution Items", "{A3258D02-C080-4BEC-8FAF-FD625D716164}"
	ProjectSection(SolutionItems) = preProject
		readme.md = readme.md
	EndProjectSection
EndProject
Project("{D954291E-2A0B-460D-934E-DC6B0785DB48}") = "idunno.KeyRing", "src\idunno.KeyRing\idunno.KeyRing.shproj", "{63EC566F-10FE-431A-8FDD-7FC50BD0CA2A}"
EndProject
Project("{FAE04EC0-301F-11D3-BF4B-00C04F79EFBC}") = "idunno.CookieSharing.FullFramework", "src\idunno.CookieSharing.FullFramework\idunno.CookieSharing.FullFramework.csproj", "{0A4E611C-4885-40FF-B49B-49A228C35A33}"
EndProject
Project("{9A19103F-16F7-4668-BE54-9A1E7A4F7556}") = "idunno.CookieSharing.CoreV2", "src\idunno.CookieSharing.CoreV2\idunno.CookieSharing.CoreV2.csproj", "{83E9E962-2E77-440B-ABDB-56689F2AA923}"
EndProject
Global
	GlobalSection(SolutionConfigurationPlatforms) = preSolution
		Debug|Any CPU = Debug|Any CPU
		Release|Any CPU = Release|Any CPU
	EndGlobalSection
	GlobalSection(ProjectConfigurationPlatforms) = postSolution
		{0A4E611C-4885-40FF-B49B-49A228C35A33}.Debug|Any CPU.ActiveCfg = Debug|Any CPU
		{0A4E611C-4885-40FF-B49B-49A228C35A33}.Debug|Any CPU.Build.0 = Debug|Any CPU
		{0A4E611C-4885-40FF-B49B-49A228C35A33}.Release|Any CPU.ActiveCfg = Release|Any CPU
		{0A4E611C-4885-40FF-B49B-49A228C35A33}.Release|Any CPU.Build.0 = Release|Any CPU
		{83E9E962-2E77-440B-ABDB-56689F2AA923}.Debug|Any CPU.ActiveCfg = Debug|Any CPU
		{83E9E962-2E77-440B-ABDB-56689F2AA923}.Debug|Any CPU.Build.0 = Debug|Any CPU
		{83E9E962-2E77-440B-ABDB-56689F2AA923}.Release|Any CPU.ActiveCfg = Release|Any CPU
		{83E9E962-2E77-440B-ABDB-56689F2AA923}.Release|Any CPU.Build.0 = Release|Any CPU
	EndGlobalSection
	GlobalSection(SolutionProperties) = preSolution
		HideSolutionNode = FALSE
	EndGlobalSection
	GlobalSection(NestedProjects) = preSolution
		{63EC566F-10FE-431A-8FDD-7FC50BD0CA2A} = {901280B1-53AC-4C94-8FC0-965C7B121830}
		{0A4E611C-4885-40FF-B49B-49A228C35A33} = {901280B1-53AC-4C94-8FC0-965C7B121830}
		{83E9E962-2E77-440B-ABDB-56689F2AA923} = {901280B1-53AC-4C94-8FC0-965C7B121830}
	EndGlobalSection
	GlobalSection(ExtensibilityGlobals) = postSolution
		SolutionGuid = {8BB2499A-5A36-4503-8821-1864985E8777}
	EndGlobalSection
EndGlobal
